
Microsoft Visual Studio Solution File, Format Version 11.00
# Visual Studio 2010
Project("{FAE04EC0-301F-11D3-BF4B-00C04F79EFBC}") = "AstarPathfindingProject", "AstarPathfindingProject.csproj", "{74c75fa7-1307-0aec-8323-a1e375c92c0d}"
EndProject
Project("{FAE04EC0-301F-11D3-BF4B-00C04F79EFBC}") = "Assembly-CSharp", "Assembly-CSharp.csproj", "{53a98a55-b5c4-137a-eb7f-baaf785a1816}"
EndProject
Project("{FAE04EC0-301F-11D3-BF4B-00C04F79EFBC}") = "AstarPathfindingProjectEditor", "AstarPathfindingProjectEditor.csproj", "{3908ba83-1fb4-41e0-f4df-029ed0bded47}"
EndProject
Project("{FAE04EC0-301F-11D3-BF4B-00C04F79EFBC}") = "PackageToolsEditor", "PackageToolsEditor.csproj", "{5cc6973b-99db-452d-b471-f83b44556084}"
EndProject
Global
	GlobalSection(SolutionConfigurationPlatforms) = preSolution
		Debug|Any CPU = Debug|Any CPU
	EndGlobalSection
	GlobalSection(ProjectConfigurationPlatforms) = postSolution
		{74c75fa7-1307-0aec-8323-a1e375c92c0d}.Debug|Any CPU.ActiveCfg = Debug|Any CPU
		{74c75fa7-1307-0aec-8323-a1e375c92c0d}.Debug|Any CPU.Build.0 = Debug|Any CPU
		{53a98a55-b5c4-137a-eb7f-baaf785a1816}.Debug|Any CPU.ActiveCfg = Debug|Any CPU
		{53a98a55-b5c4-137a-eb7f-baaf785a1816}.Debug|Any CPU.Build.0 = Debug|Any CPU
		{3908ba83-1fb4-41e0-f4df-029ed0bded47}.Debug|Any CPU.ActiveCfg = Debug|Any CPU
		{3908ba83-1fb4-41e0-f4df-029ed0bded47}.Debug|Any CPU.Build.0 = Debug|Any CPU
		{5cc6973b-99db-452d-b471-f83b44556084}.Debug|Any CPU.ActiveCfg = Debug|Any CPU
		{5cc6973b-99db-452d-b471-f83b44556084}.Debug|Any CPU.Build.0 = Debug|Any CPU
	EndGlobalSection
	GlobalSection(SolutionProperties) = preSolution
		HideSolutionNode = FALSE
	EndGlobalSection
EndGlobal
